Microsoft Visual Studio Solution File, Format Version 12.00
# Visual Studio 15
VisualStudioVersion = 15.0.26730.3
MinimumVisualStudioVersion = 10.0.40219.1
Project("{FAE04EC0-301F-11D3-BF4B-00C04F79EFBC}") = "SDRSharp.PlutoSDR", "PlutoSDR\SDRSharp.PlutoSDR.csproj", "{41C6CC2E-5F1D-4BFC-9676-381AD488FCD6}"
EndProject
Global
	GlobalSection(SolutionConfigurationPlatforms) = preSolution
		Debug|Any CPU = Debug|Any CPU
		Debug|x64 = Debug|x64
		Debug|x86 = Debug|x86
		Release|Any CPU = Release|Any CPU
		Release|x64 = Release|x64
		Release|x86 = Release|x86
	EndGlobalSection
	GlobalSection(ProjectConfigurationPlatforms) = postSolution
		{41C6CC2E-5F1D-4BFC-9676-381AD488FCD6}.Debug|Any CPU.ActiveCfg = Debug|Any CPU
		{41C6CC2E-5F1D-4BFC-9676-381AD488FCD6}.Debug|Any CPU.Build.0 = Debug|Any CPU
		{41C6CC2E-5F1D-4BFC-9676-381AD488FCD6}.Debug|x64.ActiveCfg = Debug|x64
		{41C6CC2E-5F1D-4BFC-9676-381AD488FCD6}.Debug|x64.Build.0 = Debug|x64
		{41C6CC2E-5F1D-4BFC-9676-381AD488FCD6}.Debug|x86.ActiveCfg = Debug|x86
		{41C6CC2E-5F1D-4BFC-9676-381AD488FCD6}.Debug|x86.Build.0 = Debug|x86
		{41C6CC2E-5F1D-4BFC-9676-381AD488FCD6}.Release|Any CPU.ActiveCfg = Release|Any CPU
		{41C6CC2E-5F1D-4BFC-9676-381AD488FCD6}.Release|Any CPU.Build.0 = Release|Any CPU
		{41C6CC2E-5F1D-4BFC-9676-381AD488FCD6}.Release|x64.ActiveCfg = Release|x64
		{41C6CC2E-5F1D-4BFC-9676-381AD488FCD6}.Release|x64.Build.0 = Release|x64
		{41C6CC2E-5F1D-4BFC-9676-381AD488FCD6}.Release|x86.ActiveCfg = Release|x86
		{41C6CC2E-5F1D-4BFC-9676-381AD488FCD6}.Release|x86.Build.0 = Release|x86
	EndGlobalSection
	GlobalSection(SolutionProperties) = preSolution
		HideSolutionNode = FALSE
	EndGlobalSection
	GlobalSection(ExtensibilityGlobals) = postSolution
		SolutionGuid = {070CC9B0-C3E1-49A8-BB3B-24044C3B8F56}
	EndGlobalSection
EndGlobal
